
Microsoft Visual Studio Solution File, Format Version 12.00
# Visual Studio Version 16
VisualStudioVersion = 16.0.30804.86
MinimumVisualStudioVersion = 10.0.40219.1
Project("{9A19103F-16F7-4668-BE54-9A1E7A4F7556}") = "Domain", "ClassLibrary1\Domain.csproj", "{D21E0435-AA2B-4C75-9549-AD1484905038}"
EndProject
Project("{9A19103F-16F7-4668-BE54-9A1E7A4F7556}") = "Infrastructure", "Infrastructure\Infrastructure.csproj", "{D6CFD877-8F75-4513-95AA-4C012DAFEC56}"
EndProject
Project("{9A19103F-16F7-4668-BE54-9A1E7A4F7556}") = "ExamsWeb", "ExamsWeb\ExamsWeb.csproj", "{81049E7C-BA10-4FC4-92A4-6D62DBECB266}"
EndProject
Project("{FAE04EC0-301F-11D3-BF4B-00C04F79EFBC}") = "Application", "Application\Application.csproj", "{42789181-2C15-4415-819C-E51DDB0F3992}"
EndProject
Global
	GlobalSection(SolutionConfigurationPlatforms) = preSolution
		Debug|Any CPU = Debug|Any CPU
		Release|Any CPU = Release|Any CPU
	EndGlobalSection
	GlobalSection(ProjectConfigurationPlatforms) = postSolution
		{D21E0435-AA2B-4C75-9549-AD1484905038}.Debug|Any CPU.ActiveCfg = Debug|Any CPU
		{D21E0435-AA2B-4C75-9549-AD1484905038}.Debug|Any CPU.Build.0 = Debug|Any CPU
		{D21E0435-AA2B-4C75-9549-AD1484905038}.Release|Any CPU.ActiveCfg = Release|Any CPU
		{D21E0435-AA2B-4C75-9549-AD1484905038}.Release|Any CPU.Build.0 = Release|Any CPU
		{D6CFD877-8F75-4513-95AA-4C012DAFEC56}.Debug|Any CPU.ActiveCfg = Debug|Any CPU
		{D6CFD877-8F75-4513-95AA-4C012DAFEC56}.Debug|Any CPU.Build.0 = Debug|Any CPU
		{D6CFD877-8F75-4513-95AA-4C012DAFEC56}.Release|Any CPU.ActiveCfg = Release|Any CPU
		{D6CFD877-8F75-4513-95AA-4C012DAFEC56}.Release|Any CPU.Build.0 = Release|Any CPU
		{81049E7C-BA10-4FC4-92A4-6D62DBECB266}.Debug|Any CPU.ActiveCfg = Debug|Any CPU
		{81049E7C-BA10-4FC4-92A4-6D62DBECB266}.Debug|Any CPU.Build.0 = Debug|Any CPU
		{81049E7C-BA10-4FC4-92A4-6D62DBECB266}.Release|Any CPU.ActiveCfg = Release|Any CPU
		{81049E7C-BA10-4FC4-92A4-6D62DBECB266}.Release|Any CPU.Build.0 = Release|Any CPU
		{42789181-2C15-4415-819C-E51DDB0F3992}.Debug|Any CPU.ActiveCfg = Debug|Any CPU
		{42789181-2C15-4415-819C-E51DDB0F3992}.Debug|Any CPU.Build.0 = Debug|Any CPU
		{42789181-2C15-4415-819C-E51DDB0F3992}.Release|Any CPU.ActiveCfg = Release|Any CPU
		{42789181-2C15-4415-819C-E51DDB0F3992}.Release|Any CPU.Build.0 = Release|Any CPU
	EndGlobalSection
	GlobalSection(SolutionProperties) = preSolution
		HideSolutionNode = FALSE
	EndGlobalSection
	GlobalSection(ExtensibilityGlobals) = postSolution
		SolutionGuid = {D3A59FC4-D8EB-4E98-B449-C74CC13CAC55}
	EndGlobalSection
EndGlobal
